
Microsoft Visual Studio Solution File, Format Version 12.00
Project("{FAE04EC0-301F-11D3-BF4B-00C04F79EFBC}") = "AdventureWorks.Repository", "src\AdventureWorks.Repository\AdventureWorks.Repository.csproj", "{EDE5F40D-B778-4B2C-B6C3-57E629141444}"
EndProject
Global
	GlobalSection(SolutionConfigurationPlatforms) = preSolution
		Debug|Any CPU = Debug|Any CPU
		Release|Any CPU = Release|Any CPU
	EndGlobalSection
	GlobalSection(ProjectConfigurationPlatforms) = postSolution
		{EDE5F40D-B778-4B2C-B6C3-57E629141444}.Debug|Any CPU.ActiveCfg = Debug|Any CPU
		{EDE5F40D-B778-4B2C-B6C3-57E629141444}.Debug|Any CPU.Build.0 = Debug|Any CPU
		{EDE5F40D-B778-4B2C-B6C3-57E629141444}.Release|Any CPU.ActiveCfg = Release|Any CPU
		{EDE5F40D-B778-4B2C-B6C3-57E629141444}.Release|Any CPU.Build.0 = Release|Any CPU
	EndGlobalSection
EndGlobal
